
Microsoft Visual Studio Solution File, Format Version 12.00
# Visual Studio 14
VisualStudioVersion = 14.0.23107.0
MinimumVisualStudioVersion = 10.0.40219.1
Project("{2150E333-8FDC-42A3-9474-1A3956D46DE8}") = "src", "src", "{0AFC9822-48F7-4512-BF68-7CB8FB369959}"
EndProject
Project("{2150E333-8FDC-42A3-9474-1A3956D46DE8}") = "Solution Items", "Solution Items", "{96396669-342D-4FBD-9CF3-5FC66272A6B0}"
	ProjectSection(SolutionItems) = preProject
		global.json = global.json
	EndProjectSection
EndProject
Project("{8BB2217D-0F2D-49D1-97BC-3654ED321F3B}") = "ClassLibrary1", "src\ClassLibrary1\ClassLibrary1.xproj", "{5802EF9B-C41E-42E0-ACF2-663F4CAD0EBC}"
EndProject
Global
	GlobalSection(SolutionConfigurationPlatforms) = preSolution
		Debug|Any CPU = Debug|Any CPU
		Release|Any CPU = Release|Any CPU
	EndGlobalSection
	GlobalSection(ProjectConfigurationPlatforms) = postSolution
		{5802EF9B-C41E-42E0-ACF2-663F4CAD0EBC}.Debug|Any CPU.ActiveCfg = Debug|Any CPU
		{5802EF9B-C41E-42E0-ACF2-663F4CAD0EBC}.Debug|Any CPU.Build.0 = Debug|Any CPU
		{5802EF9B-C41E-42E0-ACF2-663F4CAD0EBC}.Release|Any CPU.ActiveCfg = Release|Any CPU
		{5802EF9B-C41E-42E0-ACF2-663F4CAD0EBC}.Release|Any CPU.Build.0 = Release|Any CPU
	EndGlobalSection
	GlobalSection(SolutionProperties) = preSolution
		HideSolutionNode = FALSE
	EndGlobalSection
	GlobalSection(NestedProjects) = preSolution
		{5802EF9B-C41E-42E0-ACF2-663F4CAD0EBC} = {0AFC9822-48F7-4512-BF68-7CB8FB369959}
	EndGlobalSection
EndGlobal
